{
  "version": "2",
  "remote": {
    "https://deno.land/x/denoflate@1.2.1/mod.ts": "f5628e44b80b3d80ed525afa2ba0f12408e3849db817d47a883b801f9ce69dd6",
    "https://deno.land/x/denoflate@1.2.1/pkg/denoflate.js": "b9f9ad9457d3f12f28b1fb35c555f57443427f74decb403113d67364e4f2caf4",
    "https://deno.land/x/denoflate@1.2.1/pkg/denoflate_bg.wasm.js": "d581956245407a2115a3d7e8d85a9641c032940a8e810acbd59ca86afd34d44d",
    "https://deno.land/x/esbuild@v0.19.0/mod.js": "1a52931644048e3405500473db724fb68f6b638187ee4260e39369b15a3f0692"
  },
  "npm": {
    "specifiers": {
      "htm@^3.1.1": "htm@3.1.1",
      "onchange": "onchange@7.1.0",
      "preact@^10.17.1": "preact@10.17.1",
      "prettier": "prettier@3.0.2",
      "typescript@5.1.6": "typescript@5.1.6"
    },
    "packages": {
      "@blakeembrey/deque@1.0.5": {
        "integrity": "sha512-6xnwtvp9DY1EINIKdTfvfeAtCYw4OqBZJhtiqkT3ivjnEfa25VQ3TsKvaFfKm8MyGIEfE95qLe+bNEt3nB0Ylg==",
        "dependencies": {}
      },
      "@blakeembrey/template@1.1.0": {
        "integrity": "sha512-iZf+UWfL+DogJVpd/xMQyP6X6McYd6ArdYoPMiv/zlOTzeXXfQbYxBNJJBF6tThvsjLMbA8tLjkCdm9RWMFCCw==",
        "dependencies": {}
      },
      "anymatch@3.1.3": {
        "integrity": "sha512-KMReFUr0B4t+D+OBkjR3KYqvocp2XaSzO55UcB6mgQMd3KbcE+mWTyvVV7D/zsdEbNnV6acZUutkiHQXvTr1Rw==",
        "dependencies": {
          "normalize-path": "normalize-path@3.0.0",
          "picomatch": "picomatch@2.3.1"
        }
      },
      "arg@4.1.3": {
        "integrity": "sha512-58S9QDqG0Xx27YwPSt9fJxivjYl432YCwfDMfZ+71RAqUrZef7LrKQZ3LHLOwCS4FLNBplP533Zx895SeOCHvA==",
        "dependencies": {}
      },
      "binary-extensions@2.2.0": {
        "integrity": "sha512-jDctJ/IVQbZoJykoeHbhXpOlNBqGNcwXJKJog42E5HDPUwQTSdjCHdihjj0DlnheQ7blbT6dHOafNAiS8ooQKA==",
        "dependencies": {}
      },
      "braces@3.0.2": {
        "integrity": "sha512-b8um+L1RzM3WDSzvhm6gIz1yfTbBt6YTlcEKAvsmqCZZFw46z626lVj9j1yEPW33H5H+lBQpZMP1k8l+78Ha0A==",
        "dependencies": {
          "fill-range": "fill-range@7.0.1"
        }
      },
      "chokidar@3.5.3": {
        "integrity": "sha512-Dr3sfKRP6oTcjf2JmUmFJfeVMvXBdegxB0iVQ5eb2V10uFJUCAS8OByZdVAyVb8xXNz3GjjTgj9kLWsZTqE6kw==",
        "dependencies": {
          "anymatch": "anymatch@3.1.3",
          "braces": "braces@3.0.2",
          "fsevents": "fsevents@2.3.3",
          "glob-parent": "glob-parent@5.1.2",
          "is-binary-path": "is-binary-path@2.1.0",
          "is-glob": "is-glob@4.0.3",
          "normalize-path": "normalize-path@3.0.0",
          "readdirp": "readdirp@3.6.0"
        }
      },
      "cross-spawn@7.0.3": {
        "integrity": "sha512-iRDPJKUPVEND7dHPO8rkbOnPpyDygcDFtWjpeWNCgy8WP2rXcxXL8TskReQl6OrB2G7+UJrags1q15Fudc7G6w==",
        "dependencies": {
          "path-key": "path-key@3.1.1",
          "shebang-command": "shebang-command@2.0.0",
          "which": "which@2.0.2"
        }
      },
      "fill-range@7.0.1": {
        "integrity": "sha512-qOo9F+dMUmC2Lcb4BbVvnKJxTPjCm+RRpe4gDuGrzkL7mEVl/djYSu2OdQ2Pa302N4oqkSg9ir6jaLWJ2USVpQ==",
        "dependencies": {
          "to-regex-range": "to-regex-range@5.0.1"
        }
      },
      "fsevents@2.3.3": {
        "integrity": "sha512-5xoDfX+fL7faATnagmWPpbFtwh/R77WmMMqqHGS65C3vvB0YHrgF+B1YmZ3441tMj5n63k0212XNoJwzlhffQw==",
        "dependencies": {}
      },
      "glob-parent@5.1.2": {
        "integrity": "sha512-AOIgSQCepiJYwP3ARnGx+5VnTu2HBYdzbGP45eLw1vr3zB3vZLeyed1sC9hnbcOc9/SrMyM5RPQrkGz4aS9Zow==",
        "dependencies": {
          "is-glob": "is-glob@4.0.3"
        }
      },
      "htm@3.1.1": {
        "integrity": "sha512-983Vyg8NwUE7JkZ6NmOqpCZ+sh1bKv2iYTlUkzlWmA5JD2acKoxd4KVxbMmxX/85mtfdnDmTFoNKcg5DGAvxNQ==",
        "dependencies": {}
      },
      "ignore@5.2.4": {
        "integrity": "sha512-MAb38BcSbH0eHNBxn7ql2NH/kX33OkB3lZ1BNdh7ENeRChHTYsTvWrMubiIAMNS2llXEEgZ1MUOBtXChP3kaFQ==",
        "dependencies": {}
      },
      "is-binary-path@2.1.0": {
        "integrity": "sha512-ZMERYes6pDydyuGidse7OsHxtbI7WVeUEozgR/g7rd0xUimYNlvZRE/K2MgZTjWy725IfelLeVcEM97mmtRGXw==",
        "dependencies": {
          "binary-extensions": "binary-extensions@2.2.0"
        }
      },
      "is-extglob@2.1.1": {
        "integrity": "sha512-SbKbANkN603Vi4jEZv49LeVJMn4yGwsbzZworEoyEiutsN3nJYdbO36zfhGJ6QEDpOZIFkDtnq5JRxmvl3jsoQ==",
        "dependencies": {}
      },
      "is-glob@4.0.3": {
        "integrity": "sha512-xelSayHH36ZgE7ZWhli7pW34hNbNl8Ojv5KVmkJD4hBdD3th8Tfk9vYasLM+mXWOZhFkgZfxhLSnrwRr4elSSg==",
        "dependencies": {
          "is-extglob": "is-extglob@2.1.1"
        }
      },
      "is-number@7.0.0": {
        "integrity": "sha512-41Cifkg6e8TylSpdtTpeLVMqvSBEVzTttHvERD741+pnZ8ANv0004MRL43QKPDlK9cGvNp6NZWZUBlbGXYxxng==",
        "dependencies": {}
      },
      "isexe@2.0.0": {
        "integrity": "sha512-RHxMLp9lnKHGHRng9QFhRCMbYAcVpn69smSGcq3f36xjgVVWThj4qqLbTLlq7Ssj8B+fIQ1EuCEGI2lKsyQeIw==",
        "dependencies": {}
      },
      "normalize-path@3.0.0": {
        "integrity": "sha512-6eZs5Ls3WtCisHWp9S2GUy8dqkpGi4BVSz3GaqiE6ezub0512ESztXUwUB6C6IKbQkY2Pnb/mD4WYojCRwcwLA==",
        "dependencies": {}
      },
      "onchange@7.1.0": {
        "integrity": "sha512-ZJcqsPiWUAUpvmnJri5TPBooqJOPmC0ttN65juhN15Q8xA+Nbg3BaxBHXQ45EistKKlKElb0edmbPWnKSBkvMg==",
        "dependencies": {
          "@blakeembrey/deque": "@blakeembrey/deque@1.0.5",
          "@blakeembrey/template": "@blakeembrey/template@1.1.0",
          "arg": "arg@4.1.3",
          "chokidar": "chokidar@3.5.3",
          "cross-spawn": "cross-spawn@7.0.3",
          "ignore": "ignore@5.2.4",
          "tree-kill": "tree-kill@1.2.2"
        }
      },
      "path-key@3.1.1": {
        "integrity": "sha512-ojmeN0qd+y0jszEtoY48r0Peq5dwMEkIlCOu6Q5f41lfkswXuKtYrhgoTpLnyIcHm24Uhqx+5Tqm2InSwLhE6Q==",
        "dependencies": {}
      },
      "picomatch@2.3.1": {
        "integrity": "sha512-JU3teHTNjmE2VCGFzuY8EXzCDVwEqB2a8fsIvwaStHhAWJEeVd1o1QD80CU6+ZdEXXSLbSsuLwJjkCBWqRQUVA==",
        "dependencies": {}
      },
      "preact@10.17.1": {
        "integrity": "sha512-X9BODrvQ4Ekwv9GURm9AKAGaomqXmip7NQTZgY7gcNmr7XE83adOMJvd3N42id1tMFU7ojiynRsYnY6/BRFxLA==",
        "dependencies": {}
      },
      "prettier@3.0.2": {
        "integrity": "sha512-o2YR9qtniXvwEZlOKbveKfDQVyqxbEIWn48Z8m3ZJjBjcCmUy3xZGIv+7AkaeuaTr6yPXJjwv07ZWlsWbEy1rQ==",
        "dependencies": {}
      },
      "readdirp@3.6.0": {
        "integrity": "sha512-hOS089on8RduqdbhvQ5Z37A0ESjsqz6qnRcffsMU3495FuTdqSm+7bhJ29JvIOsBDEEnan5DPu9t3To9VRlMzA==",
        "dependencies": {
          "picomatch": "picomatch@2.3.1"
        }
      },
      "shebang-command@2.0.0": {
        "integrity": "sha512-kHxr2zZpYtdmrN1qDjrrX/Z1rR1kG8Dx+gkpK1G4eXmvXswmcE1hTWBWYUzlraYw1/yZp6YuDY77YtvbN0dmDA==",
        "dependencies": {
          "shebang-regex": "shebang-regex@3.0.0"
        }
      },
      "shebang-regex@3.0.0": {
        "integrity": "sha512-7++dFhtcx3353uBaq8DDR4NuxBetBzC7ZQOhmTQInHEd6bSrXdiEyzCvG07Z44UYdLShWUyXt5M/yhz8ekcb1A==",
        "dependencies": {}
      },
      "to-regex-range@5.0.1": {
        "integrity": "sha512-65P7iz6X5yEr1cwcgvQxbbIw7Uk3gOy5dIdtZ4rDveLqhrdJP+Li/Hx6tyK0NEb+2GCyneCMJiGqrADCSNk8sQ==",
        "dependencies": {
          "is-number": "is-number@7.0.0"
        }
      },
      "tree-kill@1.2.2": {
        "integrity": "sha512-L0Orpi8qGpRG//Nd+H90vFB+3iHnue1zSSGmNOOCh1GLJ7rUKVwV2HvijphGQS2UmhUZewS9VgvxYIdgr+fG1A==",
        "dependencies": {}
      },
      "typescript@5.1.6": {
        "integrity": "sha512-zaWCozRZ6DLEWAWFrVDz1H6FVXzUSfTy5FUMWsQlU8Ym5JP9eO4xkTIROFCQvhQf61z6O/G6ugw3SgAnvvm+HA==",
        "dependencies": {}
      },
      "which@2.0.2": {
        "integrity": "sha512-BLI3Tl1TW3Pvl70l3yq3Y64i+awpwXqsGBYWkkqMtnbXgrMD+yj7rhW0kuEDxzJaYXGjEW5ogapKNMEKNMjibA==",
        "dependencies": {
          "isexe": "isexe@2.0.0"
        }
      }
    }
  }
}
